
Microsoft Visual Studio Solution File, Format Version 12.00
# Visual Studio Version 17
VisualStudioVersion = 17.13.35931.197
MinimumVisualStudioVersion = 10.0.40219.1
Project("{FAE04EC0-301F-11D3-BF4B-00C04F79EFBC}") = "Library.API", "Library.API\Library.API.csproj", "{12D8EFE6-9EAF-4327-85D1-99D4279F4DD9}"
EndProject
Project("{FAE04EC0-301F-11D3-BF4B-00C04F79EFBC}") = "Library.Domain", "Library.Domain\Library.Domain.csproj", "{82E1BB58-2F2B-4570-BC53-556DC27D6AB1}"
EndProject
Project("{FAE04EC0-301F-11D3-BF4B-00C04F79EFBC}") = "Library.Infrastructure", "Library.Infrastructure\Library.Infrastructure.csproj", "{09C627BE-153A-4202-B7DB-69F7B68E445D}"
EndProject
Project("{FAE04EC0-301F-11D3-BF4B-00C04F79EFBC}") = "Library.Application", "Library.Application\Library.Application.csproj", "{551E02C8-CFC8-4FA0-8E2A-0C4E1B889225}"
EndProject
Global
	GlobalSection(SolutionConfigurationPlatforms) = preSolution
		Debug|Any CPU = Debug|Any CPU
		Release|Any CPU = Release|Any CPU
	EndGlobalSection
	GlobalSection(ProjectConfigurationPlatforms) = postSolution
		{12D8EFE6-9EAF-4327-85D1-99D4279F4DD9}.Debug|Any CPU.ActiveCfg = Debug|Any CPU
		{12D8EFE6-9EAF-4327-85D1-99D4279F4DD9}.Debug|Any CPU.Build.0 = Debug|Any CPU
		{12D8EFE6-9EAF-4327-85D1-99D4279F4DD9}.Release|Any CPU.ActiveCfg = Release|Any CPU
		{12D8EFE6-9EAF-4327-85D1-99D4279F4DD9}.Release|Any CPU.Build.0 = Release|Any CPU
		{82E1BB58-2F2B-4570-BC53-556DC27D6AB1}.Debug|Any CPU.ActiveCfg = Debug|Any CPU
		{82E1BB58-2F2B-4570-BC53-556DC27D6AB1}.Debug|Any CPU.Build.0 = Debug|Any CPU
		{82E1BB58-2F2B-4570-BC53-556DC27D6AB1}.Release|Any CPU.ActiveCfg = Release|Any CPU
		{82E1BB58-2F2B-4570-BC53-556DC27D6AB1}.Release|Any CPU.Build.0 = Release|Any CPU
		{09C627BE-153A-4202-B7DB-69F7B68E445D}.Debug|Any CPU.ActiveCfg = Debug|Any CPU
		{09C627BE-153A-4202-B7DB-69F7B68E445D}.Debug|Any CPU.Build.0 = Debug|Any CPU
		{09C627BE-153A-4202-B7DB-69F7B68E445D}.Release|Any CPU.ActiveCfg = Release|Any CPU
		{09C627BE-153A-4202-B7DB-69F7B68E445D}.Release|Any CPU.Build.0 = Release|Any CPU
		{551E02C8-CFC8-4FA0-8E2A-0C4E1B889225}.Debug|Any CPU.ActiveCfg = Debug|Any CPU
		{551E02C8-CFC8-4FA0-8E2A-0C4E1B889225}.Debug|Any CPU.Build.0 = Debug|Any CPU
		{551E02C8-CFC8-4FA0-8E2A-0C4E1B889225}.Release|Any CPU.ActiveCfg = Release|Any CPU
		{551E02C8-CFC8-4FA0-8E2A-0C4E1B889225}.Release|Any CPU.Build.0 = Release|Any CPU
	EndGlobalSection
	GlobalSection(SolutionProperties) = preSolution
		HideSolutionNode = FALSE
	EndGlobalSection
	GlobalSection(ExtensibilityGlobals) = postSolution
		SolutionGuid = {E726A72D-F19E-48C9-BE5B-2B7F22F5F5BF}
	EndGlobalSection
EndGlobal
